
Microsoft Visual Studio Solution File, Format Version 12.00
# Visual Studio 15
VisualStudioVersion = 15.0.27004.2002
MinimumVisualStudioVersion = 10.0.40219.1
Project("{FAE04EC0-301F-11D3-BF4B-00C04F79EFBC}") = "Sentrio", "Sentrio\Sentrio.csproj", "{23921C6B-B457-4749-9B26-C5D2483071FE}"
EndProject
Project("{FAE04EC0-301F-11D3-BF4B-00C04F79EFBC}") = "SentrioTests", "SentrioTests\SentrioTests.csproj", "{043D3D7D-5D06-4BCB-835D-0C1ACF3975A2}"
EndProject
Project("{FAE04EC0-301F-11D3-BF4B-00C04F79EFBC}") = "Locker", "Locker\Locker.csproj", "{8334FDE1-AA6B-477C-836B-2DE1531631E4}"
	ProjectSection(ProjectDependencies) = postProject
		{23921C6B-B457-4749-9B26-C5D2483071FE} = {23921C6B-B457-4749-9B26-C5D2483071FE}
	EndProjectSection
EndProject
Global
	GlobalSection(SolutionConfigurationPlatforms) = preSolution
		Debug|Any CPU = Debug|Any CPU
		Debug|ARM = Debug|ARM
		Debug|x64 = Debug|x64
		Debug|x86 = Debug|x86
		Release|Any CPU = Release|Any CPU
		Release|ARM = Release|ARM
		Release|x64 = Release|x64
		Release|x86 = Release|x86
	EndGlobalSection
	GlobalSection(ProjectConfigurationPlatforms) = postSolution
		{23921C6B-B457-4749-9B26-C5D2483071FE}.Debug|Any CPU.ActiveCfg = Release|Any CPU
		{23921C6B-B457-4749-9B26-C5D2483071FE}.Debug|Any CPU.Build.0 = Release|Any CPU
		{23921C6B-B457-4749-9B26-C5D2483071FE}.Debug|ARM.ActiveCfg = Release|Any CPU
		{23921C6B-B457-4749-9B26-C5D2483071FE}.Debug|ARM.Build.0 = Release|Any CPU
		{23921C6B-B457-4749-9B26-C5D2483071FE}.Debug|x64.ActiveCfg = Release|Any CPU
		{23921C6B-B457-4749-9B26-C5D2483071FE}.Debug|x64.Build.0 = Release|Any CPU
		{23921C6B-B457-4749-9B26-C5D2483071FE}.Debug|x86.ActiveCfg = Release|Any CPU
		{23921C6B-B457-4749-9B26-C5D2483071FE}.Debug|x86.Build.0 = Release|Any CPU
		{23921C6B-B457-4749-9B26-C5D2483071FE}.Release|Any CPU.ActiveCfg = Release|Any CPU
		{23921C6B-B457-4749-9B26-C5D2483071FE}.Release|Any CPU.Build.0 = Release|Any CPU
		{23921C6B-B457-4749-9B26-C5D2483071FE}.Release|ARM.ActiveCfg = Release|Any CPU
		{23921C6B-B457-4749-9B26-C5D2483071FE}.Release|ARM.Build.0 = Release|Any CPU
		{23921C6B-B457-4749-9B26-C5D2483071FE}.Release|x64.ActiveCfg = Release|Any CPU
		{23921C6B-B457-4749-9B26-C5D2483071FE}.Release|x64.Build.0 = Release|Any CPU
		{23921C6B-B457-4749-9B26-C5D2483071FE}.Release|x86.ActiveCfg = Release|Any CPU
		{23921C6B-B457-4749-9B26-C5D2483071FE}.Release|x86.Build.0 = Release|Any CPU
		{043D3D7D-5D06-4BCB-835D-0C1ACF3975A2}.Debug|Any CPU.ActiveCfg = Release|Any CPU
		{043D3D7D-5D06-4BCB-835D-0C1ACF3975A2}.Debug|Any CPU.Build.0 = Release|Any CPU
		{043D3D7D-5D06-4BCB-835D-0C1ACF3975A2}.Debug|ARM.ActiveCfg = Release|Any CPU
		{043D3D7D-5D06-4BCB-835D-0C1ACF3975A2}.Debug|ARM.Build.0 = Release|Any CPU
		{043D3D7D-5D06-4BCB-835D-0C1ACF3975A2}.Debug|x64.ActiveCfg = Release|Any CPU
		{043D3D7D-5D06-4BCB-835D-0C1ACF3975A2}.Debug|x64.Build.0 = Release|Any CPU
		{043D3D7D-5D06-4BCB-835D-0C1ACF3975A2}.Debug|x86.ActiveCfg = Release|Any CPU
		{043D3D7D-5D06-4BCB-835D-0C1ACF3975A2}.Debug|x86.Build.0 = Release|Any CPU
		{043D3D7D-5D06-4BCB-835D-0C1ACF3975A2}.Release|Any CPU.ActiveCfg = Release|Any CPU
		{043D3D7D-5D06-4BCB-835D-0C1ACF3975A2}.Release|Any CPU.Build.0 = Release|Any CPU
		{043D3D7D-5D06-4BCB-835D-0C1ACF3975A2}.Release|ARM.ActiveCfg = Release|Any CPU
		{043D3D7D-5D06-4BCB-835D-0C1ACF3975A2}.Release|ARM.Build.0 = Release|Any CPU
		{043D3D7D-5D06-4BCB-835D-0C1ACF3975A2}.Release|x64.ActiveCfg = Release|Any CPU
		{043D3D7D-5D06-4BCB-835D-0C1ACF3975A2}.Release|x64.Build.0 = Release|Any CPU
		{043D3D7D-5D06-4BCB-835D-0C1ACF3975A2}.Release|x86.ActiveCfg = Release|Any CPU
		{043D3D7D-5D06-4BCB-835D-0C1ACF3975A2}.Release|x86.Build.0 = Release|Any CPU
		{8334FDE1-AA6B-477C-836B-2DE1531631E4}.Debug|Any CPU.ActiveCfg = Debug|Any CPU
		{8334FDE1-AA6B-477C-836B-2DE1531631E4}.Debug|ARM.ActiveCfg = Debug|Any CPU
		{8334FDE1-AA6B-477C-836B-2DE1531631E4}.Debug|ARM.Build.0 = Debug|Any CPU
		{8334FDE1-AA6B-477C-836B-2DE1531631E4}.Debug|x64.ActiveCfg = Debug|Any CPU
		{8334FDE1-AA6B-477C-836B-2DE1531631E4}.Debug|x64.Build.0 = Debug|Any CPU
		{8334FDE1-AA6B-477C-836B-2DE1531631E4}.Debug|x86.ActiveCfg = Debug|Any CPU
		{8334FDE1-AA6B-477C-836B-2DE1531631E4}.Debug|x86.Build.0 = Debug|Any CPU
		{8334FDE1-AA6B-477C-836B-2DE1531631E4}.Release|Any CPU.ActiveCfg = Release|Any CPU
		{8334FDE1-AA6B-477C-836B-2DE1531631E4}.Release|Any CPU.Build.0 = Release|Any CPU
		{8334FDE1-AA6B-477C-836B-2DE1531631E4}.Release|ARM.ActiveCfg = Release|Any CPU
		{8334FDE1-AA6B-477C-836B-2DE1531631E4}.Release|ARM.Build.0 = Release|Any CPU
		{8334FDE1-AA6B-477C-836B-2DE1531631E4}.Release|x64.ActiveCfg = Release|Any CPU
		{8334FDE1-AA6B-477C-836B-2DE1531631E4}.Release|x64.Build.0 = Release|Any CPU
		{8334FDE1-AA6B-477C-836B-2DE1531631E4}.Release|x86.ActiveCfg = Release|Any CPU
		{8334FDE1-AA6B-477C-836B-2DE1531631E4}.Release|x86.Build.0 = Release|Any CPU
	EndGlobalSection
	GlobalSection(SolutionProperties) = preSolution
		HideSolutionNode = FALSE
	EndGlobalSection
	GlobalSection(ExtensibilityGlobals) = postSolution
		SolutionGuid = {990E32AD-2A4A-4B1E-B161-4E4264A50E43}
	EndGlobalSection
EndGlobal
