
Microsoft Visual Studio Solution File, Format Version 12.00
# Visual Studio 15
VisualStudioVersion = 15.0.27004.2002
MinimumVisualStudioVersion = 10.0.40219.1
Project("{FAE04EC0-301F-11D3-BF4B-00C04F79EFBC}") = "Sentrio", "Sentrio\Sentrio.csproj", "{72EA5480-6C0A-4951-88F7-37AF8E13FC76}"
EndProject
Project("{FAE04EC0-301F-11D3-BF4B-00C04F79EFBC}") = "SentrioTests", "SentrioTests\SentrioTests.csproj", "{5B82327F-9525-48D9-83BE-BD8A9F5C3E5A}"
	ProjectSection(ProjectDependencies) = postProject
		{72EA5480-6C0A-4951-88F7-37AF8E13FC76} = {72EA5480-6C0A-4951-88F7-37AF8E13FC76}
	EndProjectSection
EndProject
Project("{FAE04EC0-301F-11D3-BF4B-00C04F79EFBC}") = "Locker", "Locker\Locker.csproj", "{ECF120AA-B9F7-42C5-A00E-4EC9D225AFB1}"
	ProjectSection(ProjectDependencies) = postProject
		{72EA5480-6C0A-4951-88F7-37AF8E13FC76} = {72EA5480-6C0A-4951-88F7-37AF8E13FC76}
	EndProjectSection
EndProject
Project("{FAE04EC0-301F-11D3-BF4B-00C04F79EFBC}") = "Debugger", "Debugger\Debugger.csproj", "{5A26513F-3BAA-454E-9F84-221BFC3F1A43}"
	ProjectSection(ProjectDependencies) = postProject
		{72EA5480-6C0A-4951-88F7-37AF8E13FC76} = {72EA5480-6C0A-4951-88F7-37AF8E13FC76}
	EndProjectSection
EndProject
Global
	GlobalSection(SolutionConfigurationPlatforms) = preSolution
		Debug|Any CPU = Debug|Any CPU
		Release|Any CPU = Release|Any CPU
	EndGlobalSection
	GlobalSection(ProjectConfigurationPlatforms) = postSolution
		{72EA5480-6C0A-4951-88F7-37AF8E13FC76}.Debug|Any CPU.ActiveCfg = Debug|Any CPU
		{72EA5480-6C0A-4951-88F7-37AF8E13FC76}.Debug|Any CPU.Build.0 = Debug|Any CPU
		{72EA5480-6C0A-4951-88F7-37AF8E13FC76}.Release|Any CPU.ActiveCfg = Release|Any CPU
		{72EA5480-6C0A-4951-88F7-37AF8E13FC76}.Release|Any CPU.Build.0 = Release|Any CPU
		{5B82327F-9525-48D9-83BE-BD8A9F5C3E5A}.Debug|Any CPU.ActiveCfg = Debug|Any CPU
		{5B82327F-9525-48D9-83BE-BD8A9F5C3E5A}.Debug|Any CPU.Build.0 = Debug|Any CPU
		{5B82327F-9525-48D9-83BE-BD8A9F5C3E5A}.Release|Any CPU.ActiveCfg = Release|Any CPU
		{5B82327F-9525-48D9-83BE-BD8A9F5C3E5A}.Release|Any CPU.Build.0 = Release|Any CPU
		{ECF120AA-B9F7-42C5-A00E-4EC9D225AFB1}.Debug|Any CPU.ActiveCfg = Debug|Any CPU
		{ECF120AA-B9F7-42C5-A00E-4EC9D225AFB1}.Debug|Any CPU.Build.0 = Debug|Any CPU
		{ECF120AA-B9F7-42C5-A00E-4EC9D225AFB1}.Release|Any CPU.ActiveCfg = Release|Any CPU
		{ECF120AA-B9F7-42C5-A00E-4EC9D225AFB1}.Release|Any CPU.Build.0 = Release|Any CPU
		{5A26513F-3BAA-454E-9F84-221BFC3F1A43}.Debug|Any CPU.ActiveCfg = Debug|Any CPU
		{5A26513F-3BAA-454E-9F84-221BFC3F1A43}.Debug|Any CPU.Build.0 = Debug|Any CPU
		{5A26513F-3BAA-454E-9F84-221BFC3F1A43}.Release|Any CPU.ActiveCfg = Release|Any CPU
		{5A26513F-3BAA-454E-9F84-221BFC3F1A43}.Release|Any CPU.Build.0 = Release|Any CPU
	EndGlobalSection
	GlobalSection(SolutionProperties) = preSolution
		HideSolutionNode = FALSE
	EndGlobalSection
	GlobalSection(ExtensibilityGlobals) = postSolution
		SolutionGuid = {990E32AD-2A4A-4B1E-B161-4E4264A50E43}
	EndGlobalSection
EndGlobal
